<Solution>
  <Project Path="001-first-login/Clinic.Login.Api/Clinic.Login.Api.csproj" />
  <Project Path="001-first-login/Clinic.Login.Api.Tests/Clinic.Login.Api.Tests.csproj" />
  <Project Path="002-permission-grammar/Grammar.Api/Grammar.Api.csproj" />
  <Project Path="002-permission-grammar/Grammar.Api.Tests/Grammar.Api.Tests.csproj" />
  <Project Path="003-refresh-token-families/RefreshFamilies.Api/RefreshFamilies.Api.csproj" />
  <Project Path="003-refresh-token-families/RefreshFamilies.Api.Tests/RefreshFamilies.Api.Tests.csproj" />
  <Project Path="004-passkeys/Passkeys.Api/Passkeys.Api.csproj" />
  <Project Path="004-passkeys/Passkeys.Api.Tests/Passkeys.Api.Tests.csproj" />
  <Project Path="005-multi-org-delegated-admin/MultiOrg.Api/MultiOrg.Api.csproj" />
  <Project Path="005-multi-org-delegated-admin/MultiOrg.Api.Tests/MultiOrg.Api.Tests.csproj" />
  <Project Path="006-oidc-server/IdP.Api/IdP.Api.csproj" />
  <Project Path="006-oidc-server/Partner.Web/Partner.Web.csproj" />
  <Project Path="006-oidc-server/Sso.Tests/Sso.Tests.csproj" />
  <Project Path="007-workload-federation/WorkloadExchange.Api/WorkloadExchange.Api.csproj" />
  <Project Path="007-workload-federation/WorkloadExchange.Api.Tests/WorkloadExchange.Api.Tests.csproj" />
  <Project Path="008-shadow-migration/ShadowMigration.Api/ShadowMigration.Api.csproj" />
  <Project Path="008-shadow-migration/ShadowMigration.Api.Tests/ShadowMigration.Api.Tests.csproj" />
  <Project Path="009-scim-provisioning/Provisioning.Api/Provisioning.Api.csproj" />
  <Project Path="009-scim-provisioning/Provisioning.Api.Tests/Provisioning.Api.Tests.csproj" />
  <Project Path="010-saml-both-directions/SamlLoop.Api/SamlLoop.Api.csproj" />
  <Project Path="010-saml-both-directions/SamlLoop.Api.Tests/SamlLoop.Api.Tests.csproj" />
  <Project Path="011-webhooks-that-survive/Hooks.Api/Hooks.Api.csproj" />
  <Project Path="011-webhooks-that-survive/Hooks.Api.Tests/Hooks.Api.Tests.csproj" />
  <Project Path="012-tamper-evident-audit/Ledger.Api/Ledger.Api.csproj" />
  <Project Path="012-tamper-evident-audit/Ledger.Api.Tests/Ledger.Api.Tests.csproj" />
  <Project Path="013-abuse-protection-layers/AbuseGate.Api/AbuseGate.Api.csproj" />
  <Project Path="013-abuse-protection-layers/AbuseGate.Api.Tests/AbuseGate.Api.Tests.csproj" />
  <Project Path="014-adaptive-risk-engine/StepUp.Api/StepUp.Api.csproj" />
  <Project Path="014-adaptive-risk-engine/StepUp.Api.Tests/StepUp.Api.Tests.csproj" />
  <Project Path="015-break-glass-and-impersonation/Governance.Api/Governance.Api.csproj" />
  <Project Path="015-break-glass-and-impersonation/Governance.Api.Tests/Governance.Api.Tests.csproj" />
  <Project Path="016-gdpr-crypto-shredding/PersonalData.Api/PersonalData.Api.csproj" />
  <Project Path="016-gdpr-crypto-shredding/PersonalData.Api.Tests/PersonalData.Api.Tests.csproj" />
  <Project Path="017-config-as-code/ConfigAsCode.Api/ConfigAsCode.Api.csproj" />
  <Project Path="017-config-as-code/ConfigAsCode.Api.Tests/ConfigAsCode.Api.Tests.csproj" />
  <Project Path="018-relay-bridge/RelayBridge.Api/RelayBridge.Api.csproj" />
  <Project Path="018-relay-bridge/RelayBridge.Api.Tests/RelayBridge.Api.Tests.csproj" />
  <Project Path="019-api-keys-owner-capped/MachineKeys.Api/MachineKeys.Api.csproj" />
  <Project Path="019-api-keys-owner-capped/MachineKeys.Api.Tests/MachineKeys.Api.Tests.csproj" />
  <Project Path="020-importing-identity/IdentityImport.Api/IdentityImport.Api.csproj" />
  <Project Path="020-importing-identity/IdentityImport.Api.Tests/IdentityImport.Api.Tests.csproj" />
  <Project Path="021-aspnet-authorization/Helpdesk.Api/Helpdesk.Api.csproj" />
  <Project Path="021-aspnet-authorization/Helpdesk.Api.Tests/Helpdesk.Api.Tests.csproj" />
</Solution>
